
Microsoft Visual Studio Solution File, Format Version 12.00
# Visual Studio 15
VisualStudioVersion = 15.0.26730.10
MinimumVisualStudioVersion = 10.0.40219.1
Project("{FAE04EC0-301F-11D3-BF4B-00C04F79EFBC}") = "DotNetStringRepacker", "DotNetStringRepacker\DotNetStringRepacker.csproj", "{2D15E726-48D3-4886-AC3C-E5BFA6625269}"
EndProject
Global
	GlobalSection(SolutionConfigurationPlatforms) = preSolution
		Debug|Any CPU = Debug|Any CPU
		Release|Any CPU = Release|Any CPU
	EndGlobalSection
	GlobalSection(ProjectConfigurationPlatforms) = postSolution
		{2D15E726-48D3-4886-AC3C-E5BFA6625269}.Debug|Any CPU.ActiveCfg = Debug|Any CPU
		{2D15E726-48D3-4886-AC3C-E5BFA6625269}.Debug|Any CPU.Build.0 = Debug|Any CPU
		{2D15E726-48D3-4886-AC3C-E5BFA6625269}.Release|Any CPU.ActiveCfg = Release|Any CPU
		{2D15E726-48D3-4886-AC3C-E5BFA6625269}.Release|Any CPU.Build.0 = Release|Any CPU
	EndGlobalSection
	GlobalSection(SolutionProperties) = preSolution
		HideSolutionNode = FALSE
	EndGlobalSection
	GlobalSection(ExtensibilityGlobals) = postSolution
		SolutionGuid = {6AE3ABF3-FD2A-4FAD-B3B8-D1509B53D7BD}
	EndGlobalSection
EndGlobal
